
Microsoft Visual Studio Solution File, Format Version 12.00
# Visual Studio Version 17
VisualStudioVersion = 17.3.32929.385
MinimumVisualStudioVersion = 10.0.40219.1
Project("{FAE04EC0-301F-11D3-BF4B-00C04F79EFBC}") = "CookBook", "CookBook\CookBook.csproj", "{8231BE88-CA3E-4C92-AF0C-BDFF915EFC1D}"
EndProject
Global
	GlobalSection(SolutionConfigurationPlatforms) = preSolution
		Debug|Any CPU = Debug|Any CPU
		Release|Any CPU = Release|Any CPU
	EndGlobalSection
	GlobalSection(ProjectConfigurationPlatforms) = postSolution
		{8231BE88-CA3E-4C92-AF0C-BDFF915EFC1D}.Debug|Any CPU.ActiveCfg = Debug|Any CPU
		{8231BE88-CA3E-4C92-AF0C-BDFF915EFC1D}.Debug|Any CPU.Build.0 = Debug|Any CPU
		{8231BE88-CA3E-4C92-AF0C-BDFF915EFC1D}.Release|Any CPU.ActiveCfg = Release|Any CPU
		{8231BE88-CA3E-4C92-AF0C-BDFF915EFC1D}.Release|Any CPU.Build.0 = Release|Any CPU
	EndGlobalSection
	GlobalSection(SolutionProperties) = preSolution
		HideSolutionNode = FALSE
	EndGlobalSection
	GlobalSection(ExtensibilityGlobals) = postSolution
		SolutionGuid = {042EC66A-2FA2-4BA5-944B-FDC9627A4D02}
	EndGlobalSection
EndGlobal
